
Microsoft Visual Studio Solution File, Format Version 12.00
# Visual Studio Version 17
VisualStudioVersion = 17.8.34525.116
MinimumVisualStudioVersion = 10.0.40219.1
Project("{FAE04EC0-301F-11D3-BF4B-00C04F79EFBC}") = "MID Project", "MID Project\MID Project.csproj", "{483EA60B-F6F0-40D9-982E-DAA227A4C85B}"
EndProject
Global
	GlobalSection(SolutionConfigurationPlatforms) = preSolution
		Debug|Any CPU = Debug|Any CPU
		Release|Any CPU = Release|Any CPU
	EndGlobalSection
	GlobalSection(ProjectConfigurationPlatforms) = postSolution
		{483EA60B-F6F0-40D9-982E-DAA227A4C85B}.Debug|Any CPU.ActiveCfg = Debug|Any CPU
		{483EA60B-F6F0-40D9-982E-DAA227A4C85B}.Debug|Any CPU.Build.0 = Debug|Any CPU
		{483EA60B-F6F0-40D9-982E-DAA227A4C85B}.Release|Any CPU.ActiveCfg = Release|Any CPU
		{483EA60B-F6F0-40D9-982E-DAA227A4C85B}.Release|Any CPU.Build.0 = Release|Any CPU
	EndGlobalSection
	GlobalSection(SolutionProperties) = preSolution
		HideSolutionNode = FALSE
	EndGlobalSection
	GlobalSection(ExtensibilityGlobals) = postSolution
		SolutionGuid = {3F0FC534-431D-443B-AFA2-191CFBCC802A}
	EndGlobalSection
EndGlobal
